
Microsoft Visual Studio Solution File, Format Version 12.00
# Visual Studio Version 17
VisualStudioVersion = 17.10.35004.147
MinimumVisualStudioVersion = 10.0.40219.1
Project("{FAE04EC0-301F-11D3-BF4B-00C04F79EFBC}") = "Domain", "Domain\Domain.csproj", "{A0823EDA-CBE2-44AD-9B65-55036B2B515D}"
EndProject
Project("{FAE04EC0-301F-11D3-BF4B-00C04F79EFBC}") = "DAL", "DAL\DAL.csproj", "{B56670BA-79C2-446F-AADB-885369DC6D86}"
EndProject
Project("{FAE04EC0-301F-11D3-BF4B-00C04F79EFBC}") = "DesktopUI", "DesktopUI\DesktopUI.csproj", "{488BA44C-C6DE-4469-9D10-8DC60CCF3416}"
EndProject
Global
	GlobalSection(SolutionConfigurationPlatforms) = preSolution
		Debug|Any CPU = Debug|Any CPU
		Release|Any CPU = Release|Any CPU
	EndGlobalSection
	GlobalSection(ProjectConfigurationPlatforms) = postSolution
		{A0823EDA-CBE2-44AD-9B65-55036B2B515D}.Debug|Any CPU.ActiveCfg = Debug|Any CPU
		{A0823EDA-CBE2-44AD-9B65-55036B2B515D}.Debug|Any CPU.Build.0 = Debug|Any CPU
		{A0823EDA-CBE2-44AD-9B65-55036B2B515D}.Release|Any CPU.ActiveCfg = Release|Any CPU
		{A0823EDA-CBE2-44AD-9B65-55036B2B515D}.Release|Any CPU.Build.0 = Release|Any CPU
		{B56670BA-79C2-446F-AADB-885369DC6D86}.Debug|Any CPU.ActiveCfg = Debug|Any CPU
		{B56670BA-79C2-446F-AADB-885369DC6D86}.Debug|Any CPU.Build.0 = Debug|Any CPU
		{B56670BA-79C2-446F-AADB-885369DC6D86}.Release|Any CPU.ActiveCfg = Release|Any CPU
		{B56670BA-79C2-446F-AADB-885369DC6D86}.Release|Any CPU.Build.0 = Release|Any CPU
		{488BA44C-C6DE-4469-9D10-8DC60CCF3416}.Debug|Any CPU.ActiveCfg = Debug|Any CPU
		{488BA44C-C6DE-4469-9D10-8DC60CCF3416}.Debug|Any CPU.Build.0 = Debug|Any CPU
		{488BA44C-C6DE-4469-9D10-8DC60CCF3416}.Release|Any CPU.ActiveCfg = Release|Any CPU
		{488BA44C-C6DE-4469-9D10-8DC60CCF3416}.Release|Any CPU.Build.0 = Release|Any CPU
	EndGlobalSection
	GlobalSection(SolutionProperties) = preSolution
		HideSolutionNode = FALSE
	EndGlobalSection
	GlobalSection(ExtensibilityGlobals) = postSolution
		SolutionGuid = {37FB4202-C894-4F00-884F-C559A87E7796}
	EndGlobalSection
EndGlobal
